PODS:
  - camera_macos (0.0.1):
    - FlutterMacOS
  - FlutterMacOS (1.0.0)

DEPENDENCIES:
  - camera_macos (from `Flutter/ephemeral/.symlinks/plugins/camera_macos/macos`)
  - FlutterMacOS (from `Flutter/ephemeral`)

EXTERNAL SOURCES:
  camera_macos:
    :path: Flutter/ephemeral/.symlinks/plugins/camera_macos/macos
  FlutterMacOS:
    :path: Flutter/ephemeral

SPEC CHECKSUMS:
  camera_macos: c2603f5eed16f05076cf17e12030d2ce55a77839
  FlutterMacOS: ae6af50a8ea7d6103d888583d46bd8328a7e9811

PODFILE CHECKSUM: a884f6dd3f7494f3892ee6c81feea3a3abbf9153

COCOAPODS: 1.11.3
